# THIS IS AN AUTOGENERATED FILE. DO NOT EDIT THIS FILE DIRECTLY.
# yarn lockfile v1


react-native-gesture-responder@0.0.10:
  version "0.0.10"
  resolved "https://registry.yarnpkg.com/react-native-gesture-responder/-/react-native-gesture-responder-0.0.10.tgz#32ee6c746c8ea73559c0aa151113356db5c4c297"
  dependencies:
    react-timer-mixin "^0.13.3"

"react-native-slider@file:../react-native-slider":
  version "0.0.3"
  dependencies:
    react-native-gesture-responder "0.0.10"

react-timer-mixin@^0.13.3:
  version "0.13.3"
  resolved "https://registry.yarnpkg.com/react-timer-mixin/-/react-timer-mixin-0.13.3.tgz#0da8b9f807ec07dc3e854d082c737c65605b3d22"
